
Microsoft Visual Studio Solution File, Format Version 12.00
# Visual Studio Version 16
VisualStudioVersion = 16.0.30509.190
MinimumVisualStudioVersion = 10.0.40219.1
Project("{FAE04EC0-301F-11D3-BF4B-00C04F79EFBC}") = "DiscountDemo.Server", "DiscountDemo\Server\DiscountDemo.Server.csproj", "{69AB07A4-D488-402D-8CE0-7E378603AF6D}"
EndProject
Project("{FAE04EC0-301F-11D3-BF4B-00C04F79EFBC}") = "DiscountDemo.Client", "DiscountDemo\Client\DiscountDemo.Client.csproj", "{99BF73E9-B3EF-4188-93F7-03DD0A11B15C}"
EndProject
Project("{FAE04EC0-301F-11D3-BF4B-00C04F79EFBC}") = "DiscountDemo.Shared", "DiscountDemo\Shared\DiscountDemo.Shared.csproj", "{621CEE33-A0CE-49A2-B8B9-6059349C9D12}"
EndProject
Global
	GlobalSection(SolutionConfigurationPlatforms) = preSolution
		Debug|Any CPU = Debug|Any CPU
		Release|Any CPU = Release|Any CPU
	EndGlobalSection
	GlobalSection(ProjectConfigurationPlatforms) = postSolution
		{69AB07A4-D488-402D-8CE0-7E378603AF6D}.Debug|Any CPU.ActiveCfg = Debug|Any CPU
		{69AB07A4-D488-402D-8CE0-7E378603AF6D}.Debug|Any CPU.Build.0 = Debug|Any CPU
		{69AB07A4-D488-402D-8CE0-7E378603AF6D}.Release|Any CPU.ActiveCfg = Release|Any CPU
		{69AB07A4-D488-402D-8CE0-7E378603AF6D}.Release|Any CPU.Build.0 = Release|Any CPU
		{99BF73E9-B3EF-4188-93F7-03DD0A11B15C}.Debug|Any CPU.ActiveCfg = Debug|Any CPU
		{99BF73E9-B3EF-4188-93F7-03DD0A11B15C}.Debug|Any CPU.Build.0 = Debug|Any CPU
		{99BF73E9-B3EF-4188-93F7-03DD0A11B15C}.Release|Any CPU.ActiveCfg = Release|Any CPU
		{99BF73E9-B3EF-4188-93F7-03DD0A11B15C}.Release|Any CPU.Build.0 = Release|Any CPU
		{621CEE33-A0CE-49A2-B8B9-6059349C9D12}.Debug|Any CPU.ActiveCfg = Debug|Any CPU
		{621CEE33-A0CE-49A2-B8B9-6059349C9D12}.Debug|Any CPU.Build.0 = Debug|Any CPU
		{621CEE33-A0CE-49A2-B8B9-6059349C9D12}.Release|Any CPU.ActiveCfg = Release|Any CPU
		{621CEE33-A0CE-49A2-B8B9-6059349C9D12}.Release|Any CPU.Build.0 = Release|Any CPU
	EndGlobalSection
	GlobalSection(SolutionProperties) = preSolution
		HideSolutionNode = FALSE
	EndGlobalSection
	GlobalSection(ExtensibilityGlobals) = postSolution
		SolutionGuid = {828D9CC8-2E0E-4510-9E2D-D49FCCC17329}
	EndGlobalSection
EndGlobal
